// !$*UTF8*$!
{
	archiveVersion = 1;
	classes = {
	};
	objectVersion = 46;
	objects = {

/* Begin PBXBuildFile section */
		9F8017F81AD5CD9000CC12A9 /* data_parser.cpp in Sources */ = {isa = PBXBuildFile; fileRef = 9F8017F71AD5CD9000CC12A9 /* data_parser.cpp */; };
		9FF631081AD5B4D200C4791C /* compiler.c in Sources */ = {isa = PBXBuildFile; fileRef = 9FF631061AD5B4D200C4791C /* compiler.c */; };
/* End PBXBuildFile section */

/* Begin PBXCopyFilesBuildPhase section */
		9FF630FA1AD5B4A900C4791C /* CopyFiles */ = {
			isa = PBXCopyFilesBuildPhase;
			buildActionMask = 2147483647;
			dstPath = /usr/share/man/man1/;
			dstSubfolderSpec = 0;
			files = (
			);
			runOnlyForDeploymentPostprocessing = 1;
		};
/* End PBXCopyFilesBuildPhase section */

/* Begin PBXFileReference section */
		9F8017F71AD5CD9000CC12A9 /* data_parser.cpp */ = {isa = PBXFileReference; fileEncoding = 4; lastKnownFileType = sourcecode.cpp.cpp; path = data_parser.cpp; sourceTree = "<group>"; };
		9FF630FC1AD5B4A900C4791C /* CompilerProject */ = {isa = PBXFileReference; explicitFileType = "compiled.mach-o.executable"; includeInIndex = 0; path = CompilerProject; sourceTree = BUILT_PRODUCTS_DIR; };
		9FF631061AD5B4D200C4791C /* compiler.c */ = {isa = PBXFileReference; fileEncoding = 4; lastKnownFileType = sourcecode.c.c; path = compiler.c; sourceTree = "<group>"; };
		9FF631071AD5B4D200C4791C /* compiler.h */ = {isa = PBXFileReference; fileEncoding = 4; lastKnownFileType = sourcecode.c.h; path = compiler.h; sourceTree = "<group>"; };
/* End PBXFileReference section */

/* Begin PBXFrameworksBuildPhase section */
		9FF630F91AD5B4A900C4791C /* Frameworks */ = {
			isa = PBXFrameworksBuildPhase;
			buildActionMask = 2147483647;
			files = (
			);
			runOnlyForDeploymentPostprocessing = 0;
		};
/* End PBXFrameworksBuildPhase section */

/* Begin PBXGroup section */
		9FF630F31AD5B4A900C4791C = {
			isa = PBXGroup;
			children = (
				9FF630FE1AD5B4A900C4791C /* CompilerProject */,
				9FF630FD1AD5B4A900C4791C /* Products */,
			);
			sourceTree = "<group>";
		};
		9FF630FD1AD5B4A900C4791C /* Products */ = {
			isa = PBXGroup;
			children = (
				9FF630FC1AD5B4A900C4791C /* CompilerProject */,
			);
			name = Products;
			sourceTree = "<group>";
		};
		9FF630FE1AD5B4A900C4791C /* CompilerProject */ = {
			isa = PBXGroup;
			children = (
				9FF631061AD5B4D200C4791C /* compiler.c */,
				9FF631071AD5B4D200C4791C /* compiler.h */,
				9F8017F71AD5CD9000CC12A9 /* data_parser.cpp */,
			);
			path = CompilerProject;
			sourceTree = "<group>";
		};
/* End PBXGroup section */

/* Begin PBXNativeTarget section */
		9FF630FB1AD5B4A900C4791C /* CompilerProject */ = {
			isa = PBXNativeTarget;
			buildConfigurationList = 9FF631031AD5B4A900C4791C /* Build configuration list for PBXNativeTarget "CompilerProject" */;
			buildPhases = (
				9FF630F81AD5B4A900C4791C /* Sources */,
				9FF630F91AD5B4A900C4791C /* Frameworks */,
				9FF630FA1AD5B4A900C4791C /* CopyFiles */,
			);
			buildRules = (
			);
			dependencies = (
			);
			name = CompilerProject;
			productName = CompilerProject;
			productReference = 9FF630FC1AD5B4A900C4791C /* CompilerProject */;
			productType = "com.apple.product-type.tool";
		};
/* End PBXNativeTarget section */

/* Begin PBXProject section */
		9FF630F41AD5B4A900C4791C /* Project object */ = {
			isa = PBXProject;
			attributes = {
				LastUpgradeCheck = 0620;
				ORGANIZATIONNAME = "James Perry";
				TargetAttributes = {
					9FF630FB1AD5B4A900C4791C = {
						CreatedOnToolsVersion = 6.2;
					};
				};
			};
			buildConfigurationList = 9FF630F71AD5B4A900C4791C /* Build configuration list for PBXProject "CompilerProject" */;
			compatibilityVersion = "Xcode 3.2";
			developmentRegion = English;
			hasScannedForEncodings = 0;
			knownRegions = (
				en,
			);
			mainGroup = 9FF630F31AD5B4A900C4791C;
			productRefGroup = 9FF630FD1AD5B4A900C4791C /* Products */;
			projectDirPath = "";
			projectRoot = "";
			targets = (
				9FF630FB1AD5B4A900C4791C /* CompilerProject */,
			);
		};
/* End PBXProject section */

/* Begin PBXSourcesBuildPhase section */
		9FF630F81AD5B4A900C4791C /* Sources */ = {
			isa = PBXSourcesBuildPhase;
			buildActionMask = 2147483647;
			files = (
				9F8017F81AD5CD9000CC12A9 /* data_parser.cpp in Sources */,
				9FF631081AD5B4D200C4791C /* compiler.c in Sources */,
			);
			runOnlyForDeploymentPostprocessing = 0;
		};
/* End PBXSourcesBuildPhase section */

/* Begin XCBuildConfiguration section */
		9FF631011AD5B4A900C4791C /* Debug */ = {
			isa = XCBuildConfiguration;
			buildSettings = {
				ALWAYS_SEARCH_USER_PATHS = NO;
				CLANG_CXX_LANGUAGE_STANDARD = "gnu++0x";
				CLANG_CXX_LIBRARY = "libc++";
				CLANG_ENABLE_MODULES = YES;
				CLANG_ENABLE_OBJC_ARC = YES;
				CLANG_WARN_BOOL_CONVERSION = YES;
				CLANG_WARN_CONSTANT_CONVERSION = YES;
				CLANG_WARN_DIRECT_OBJC_ISA_USAGE = YES_ERROR;
				CLANG_WARN_EMPTY_BODY = YES;
				CLANG_WARN_ENUM_CONVERSION = YES;
				CLANG_WARN_INT_CONVERSION = YES;
				CLANG_WARN_OBJC_ROOT_CLASS = YES_ERROR;
				CLANG_WARN_UNREACHABLE_CODE = YES;
				CLANG_WARN__DUPLICATE_METHOD_MATCH = YES;
				COPY_PHASE_STRIP = NO;
				ENABLE_STRICT_OBJC_MSGSEND = YES;
				GCC_C_LANGUAGE_STANDARD = gnu99;
				GCC_DYNAMIC_NO_PIC = NO;
				GCC_OPTIMIZATION_LEVEL = 0;
				GCC_PREPROCESSOR_DEFINITIONS = (
					"DEBUG=1",
					"$(inherited)",
				);
				GCC_SYMBOLS_PRIVATE_EXTERN = NO;
				GCC_WARN_64_TO_32_BIT_CONVERSION = YES;
				GCC_WARN_ABOUT_RETURN_TYPE = YES_ERROR;
				GCC_WARN_UNDECLARED_SELECTOR = YES;
				GCC_WARN_UNINITIALIZED_AUTOS = YES_AGGRESSIVE;
				GCC_WARN_UNUSED_FUNCTION = YES;
				GCC_WARN_UNUSED_VARIABLE = YES;
				MACOSX_DEPLOYMENT_TARGET = 10.10;
				MTL_ENABLE_DEBUG_INFO = YES;
				ONLY_ACTIVE_ARCH = YES;
				SDKROOT = macosx;
			};
			name = Debug;
		};
		9FF631021AD5B4A900C4791C /* Release */ = {
			isa = XCBuildConfiguration;
			buildSettings = {
				ALWAYS_SEARCH_USER_PATHS = NO;
				CLANG_CXX_LANGUAGE_STANDARD = "gnu++0x";
				CLANG_CXX_LIBRARY = "libc++";
				CLANG_ENABLE_MODULES = YES;
				CLANG_ENABLE_OBJC_ARC = YES;
				CLANG_WARN_BOOL_CONVERSION = YES;
				CLANG_WARN_CONSTANT_CONVERSION = YES;
				CLANG_WARN_DIRECT_OBJC_ISA_USAGE = YES_ERROR;
				CLANG_WARN_EMPTY_BODY = YES;
				CLANG_WARN_ENUM_CONVERSION = YES;
				CLANG_WARN_INT_CONVERSION = YES;
				CLANG_WARN_OBJC_ROOT_CLASS = YES_ERROR;
				CLANG_WARN_UNREACHABLE_CODE = YES;
				CLANG_WARN__DUPLICATE_METHOD_MATCH = YES;
				COPY_PHASE_STRIP = NO;
				DEBUG_INFORMATION_FORMAT = "dwarf-with-dsym";
				ENABLE_NS_ASSERTIONS = NO;
				ENABLE_STRICT_OBJC_MSGSEND = YES;
				GCC_C_LANGUAGE_STANDARD = gnu99;
				GCC_WARN_64_TO_32_BIT_CONVERSION = YES;
				GCC_WARN_ABOUT_RETURN_TYPE = YES_ERROR;
				GCC_WARN_UNDECLARED_SELECTOR = YES;
				GCC_WARN_UNINITIALIZED_AUTOS = YES_AGGRESSIVE;
				GCC_WARN_UNUSED_FUNCTION = YES;
				GCC_WARN_UNUSED_VARIABLE = YES;
				MACOSX_DEPLOYMENT_TARGET = 10.10;
				MTL_ENABLE_DEBUG_INFO = NO;
				SDKROOT = macosx;
			};
			name = Release;
		};
		9FF631041AD5B4A900C4791C /* Debug */ = {
			isa = XCBuildConfiguration;
			buildSettings = {
				PRODUCT_NAME = "$(TARGET_NAME)";
			};
			name = Debug;
		};
		9FF631051AD5B4A900C4791C /* Release */ = {
			isa = XCBuildConfiguration;
			buildSettings = {
				PRODUCT_NAME = "$(TARGET_NAME)";
			};
			name = Release;
		};
/* End XCBuildConfiguration section */

/* Begin XCConfigurationList section */
		9FF630F71AD5B4A900C4791C /* Build configuration list for PBXProject "CompilerProject" */ = {
			isa = XCConfigurationList;
			buildConfigurations = (
				9FF631011AD5B4A900C4791C /* Debug */,
				9FF631021AD5B4A900C4791C /* Release */,
			);
			defaultConfigurationIsVisible = 0;
			defaultConfigurationName = Release;
		};
		9FF631031AD5B4A900C4791C /* Build configuration list for PBXNativeTarget "CompilerProject" */ = {
			isa = XCConfigurationList;
			buildConfigurations = (
				9FF631041AD5B4A900C4791C /* Debug */,
				9FF631051AD5B4A900C4791C /* Release */,
			);
			defaultConfigurationIsVisible = 0;
			defaultConfigurationName = Release;
		};
/* End XCConfigurationList section */
	};
	rootObject = 9FF630F41AD5B4A900C4791C /* Project object */;
}
